uuid: 5f45e122-613c-4e3c-9f46-857bddccb737
langcode: en
status: true
dependencies:
  module:
    - clubulcalatorilor
    - ctools
    - node
  theme:
    - clubulcalatorilor_theme
id: headersignupblock
theme: clubulcalatorilor_theme
region: header
weight: -9
provider: null
plugin: header_sign_up_block
settings:
  id: header_sign_up_block
  label: 'Header sign up block'
  provider: clubulcalatorilor
  label_display: '0'
visibility:
  node_type:
    id: node_type
    bundles:
      blog_post: blog_post
      general_page: general_page
      lisiting_pages: lisiting_pages
    negate: false
    context_mapping:
      node: '@node.node_route_context:node'
  'entity_bundle:node':
    id: 'entity_bundle:node'
    bundles:
      blog_post: blog_post
      general_page: general_page
      lisiting_pages: lisiting_pages
    negate: false
    context_mapping:
      node: '@node.node_route_context:node'
